# This file was autogenerated by Stack.
# You should not edit this file by hand.
# For more information, please see the documentation at:
#   https://docs.haskellstack.org/en/stable/topics/lock_files

packages:
- completed:
    hackage: physics-0.1.2.1@sha256:5555fb0a679d00964f1fbd8bf1a9b233c91b363b371f092077183fe51bcffba6,1467
    pantry-tree:
      sha256: 59ae6fc7490182bd63b7dd7b6f12c73f7b59fd32aa1b64e469baf9f6441b51cd
      size: 1089
  original:
    hackage: physics-0.1.2.1@sha256:5555fb0a679d00964f1fbd8bf1a9b233c91b363b371f092077183fe51bcffba6,1467
- completed:
    hackage: graphmod-1.4.5.1@sha256:3d68051640c6db1fee70867e22ad7d87b633cf254dce0f375daf963d6995dd10,1284
    pantry-tree:
      sha256: b5384bbf145f2b00b7ee6f077523e2a556ab56b78d77b615431a839f497b84da
      size: 507
  original:
    hackage: graphmod-1.4.5.1
- completed:
    hackage: h-raylib-5.6.0.0@sha256:7b060989771f324defc700b9b16955c4d0a35b80ed508217afe23444b18565aa,9075
    pantry-tree:
      sha256: 6f11d264f9e8623531e7002ad32adf89928d6f3b6a671a9e1e5be5d86738545d
      size: 37046
  original:
    hackage: h-raylib-5.6.0.0@sha256:7b060989771f324defc700b9b16955c4d0a35b80ed508217afe23444b18565aa,9075
- completed:
    hackage: opencascade-hs-0.6.3.1@sha256:3f15cd6fcda0123134e306358ab6513332e345f82fd5e8fbbd598ac3fe174c1e,17148
    pantry-tree:
      sha256: a0067edf060485f1f18d25738e301adb561d20246ec1229c5f63d42e21dd1a24
      size: 31009
  original:
    hackage: opencascade-hs-0.6.3.1
- completed:
    hackage: waterfall-cad-0.6.3.1@sha256:122bf5fd3d9fbbf89adb5a79bf24c70849c8a60df63fbd31aab06c1edf5c8385,2481
    pantry-tree:
      sha256: e665a1f058f582853e93227d79c0ed21dab8320dbc316644a554e02de34a13f8
      size: 2598
  original:
    hackage: waterfall-cad-0.6.3.1@sha256:122bf5fd3d9fbbf89adb5a79bf24c70849c8a60df63fbd31aab06c1edf5c8385,2481
snapshots:
- completed:
    sha256: d836e64ec93e8825278b99561f4a7ef24780c9b29bb5338eec2d693ab3a800cd
    size: 732678
    url: https://raw.githubusercontent.com/commercialhaskell/stackage-snapshots/master/lts/24/49.yaml
  original: lts-24.49
