# This file was autogenerated by Stack.
# You should not edit this file by hand.
# For more information, please see the documentation at:
#   https://docs.haskellstack.org/en/stable/topics/lock_files

packages:
- completed:
    hackage: physics-0.1.2.1@sha256:5555fb0a679d00964f1fbd8bf1a9b233c91b363b371f092077183fe51bcffba6,1467
    pantry-tree:
      sha256: 59ae6fc7490182bd63b7dd7b6f12c73f7b59fd32aa1b64e469baf9f6441b51cd
      size: 1089
  original:
    hackage: physics-0.1.2.1@sha256:5555fb0a679d00964f1fbd8bf1a9b233c91b363b371f092077183fe51bcffba6,1467
- completed:
    hackage: graphmod-1.4.5.1@sha256:3d68051640c6db1fee70867e22ad7d87b633cf254dce0f375daf963d6995dd10,1284
    pantry-tree:
      sha256: b5384bbf145f2b00b7ee6f077523e2a556ab56b78d77b615431a839f497b84da
      size: 507
  original:
    hackage: graphmod-1.4.5.1
snapshots:
- completed:
    sha256: d836e64ec93e8825278b99561f4a7ef24780c9b29bb5338eec2d693ab3a800cd
    size: 732678
    url: https://raw.githubusercontent.com/commercialhaskell/stackage-snapshots/master/lts/24/49.yaml
  original: lts-24.49
